
Microsoft Visual Studio Solution File, Format Version 12.00
# Visual Studio Version 17
VisualStudioVersion = 17.13.35825.156
MinimumVisualStudioVersion = 10.0.40219.1
Project("{FAE04EC0-301F-11D3-BF4B-00C04F79EFBC}") = "MovieRevs", "MovieRevs.csproj", "{D7A60F7C-F021-0AE0-08B1-13871A795CD9}"
EndProject
Global
	GlobalSection(SolutionConfigurationPlatforms) = preSolution
		Debug|Any CPU = Debug|Any CPU
		Release|Any CPU = Release|Any CPU
	EndGlobalSection
	GlobalSection(ProjectConfigurationPlatforms) = postSolution
		{D7A60F7C-F021-0AE0-08B1-13871A795CD9}.Debug|Any CPU.ActiveCfg = Debug|Any CPU
		{D7A60F7C-F021-0AE0-08B1-13871A795CD9}.Debug|Any CPU.Build.0 = Debug|Any CPU
		{D7A60F7C-F021-0AE0-08B1-13871A795CD9}.Release|Any CPU.ActiveCfg = Release|Any CPU
		{D7A60F7C-F021-0AE0-08B1-13871A795CD9}.Release|Any CPU.Build.0 = Release|Any CPU
	EndGlobalSection
	GlobalSection(SolutionProperties) = preSolution
		HideSolutionNode = FALSE
	EndGlobalSection
	GlobalSection(ExtensibilityGlobals) = postSolution
		SolutionGuid = {1B0F5573-2D3F-47EB-A13D-4C2F67011BFE}
	EndGlobalSection
EndGlobal
